PODS:
  - Nimble (5.1.1)
  - Quick (1.0.0)
  - RFCircleView (0.1.0)

DEPENDENCIES:
  - Nimble (~> 5.1.1)
  - Quick (~> 1.0.0)
  - RFCircleView (from `../`)

EXTERNAL SOURCES:
  RFCircleView:
    :path: ../

SPEC CHECKSUMS:
  Nimble: 415e3aa3267e7bc2c96b05fa814ddea7bb686a29
  Quick: 8024e4a47e6cc03a9d5245ef0948264fc6d27cff
  RFCircleView: ca13059f0a89f47bf07e4a54e78f6ef2288d769d

PODFILE CHECKSUM: 7b969caa3996a758ec301ef014d09799f27b78a8

COCOAPODS: 1.3.1
